
Microsoft Visual Studio Solution File, Format Version 12.00
# Visual Studio Version 16
VisualStudioVersion = 16.0.30611.23
MinimumVisualStudioVersion = 10.0.40219.1
Project("{8BC9CEB8-8B4A-11D0-8D11-00A0C91BC942}") = "The Marauders Map", "The Marauders Map.vcxproj", "{BF43DFD9-6BC9-41A3-80F5-46E2348829C6}"
EndProject
Global
	GlobalSection(SolutionConfigurationPlatforms) = preSolution
		Debug|x64 = Debug|x64
		Debug|x86 = Debug|x86
		Release|x64 = Release|x64
		Release|x86 = Release|x86
	EndGlobalSection
	GlobalSection(ProjectConfigurationPlatforms) = postSolution
		{BF43DFD9-6BC9-41A3-80F5-46E2348829C6}.Debug|x64.ActiveCfg = Debug|x64
		{BF43DFD9-6BC9-41A3-80F5-46E2348829C6}.Debug|x64.Build.0 = Debug|x64
		{BF43DFD9-6BC9-41A3-80F5-46E2348829C6}.Debug|x86.ActiveCfg = Debug|Win32
		{BF43DFD9-6BC9-41A3-80F5-46E2348829C6}.Debug|x86.Build.0 = Debug|Win32
		{BF43DFD9-6BC9-41A3-80F5-46E2348829C6}.Release|x64.ActiveCfg = Release|x64
		{BF43DFD9-6BC9-41A3-80F5-46E2348829C6}.Release|x64.Build.0 = Release|x64
		{BF43DFD9-6BC9-41A3-80F5-46E2348829C6}.Release|x86.ActiveCfg = Release|Win32
		{BF43DFD9-6BC9-41A3-80F5-46E2348829C6}.Release|x86.Build.0 = Release|Win32
	EndGlobalSection
	GlobalSection(SolutionProperties) = preSolution
		HideSolutionNode = FALSE
	EndGlobalSection
	GlobalSection(ExtensibilityGlobals) = postSolution
		SolutionGuid = {DF9BACE8-AE26-4D9C-BB9B-5D2324691C3C}
	EndGlobalSection
EndGlobal
