
Microsoft Visual Studio Solution File, Format Version 12.00
# Visual Studio Version 16
VisualStudioVersion = 16.0.30611.23
MinimumVisualStudioVersion = 10.0.40219.1
Project("{8BC9CEB8-8B4A-11D0-8D11-00A0C91BC942}") = "MagicianSchool", "MagicianSchool.vcxproj", "{C1A54BBE-EC04-4BDA-8721-4D1265E27515}"
EndProject
Project("{54435603-DBB4-11D2-8724-00A0C9A8B90C}") = "Setup", "..\Setup\Setup.vdproj", "{E8CD55B3-93BE-4359-8138-E4A4E7010BAF}"
EndProject
Global
	GlobalSection(SolutionConfigurationPlatforms) = preSolution
		Debug|x64 = Debug|x64
		Debug|x86 = Debug|x86
		Release|x64 = Release|x64
		Release|x86 = Release|x86
	EndGlobalSection
	GlobalSection(ProjectConfigurationPlatforms) = postSolution
		{C1A54BBE-EC04-4BDA-8721-4D1265E27515}.Debug|x64.ActiveCfg = Debug|x64
		{C1A54BBE-EC04-4BDA-8721-4D1265E27515}.Debug|x64.Build.0 = Debug|x64
		{C1A54BBE-EC04-4BDA-8721-4D1265E27515}.Debug|x86.ActiveCfg = Debug|Win32
		{C1A54BBE-EC04-4BDA-8721-4D1265E27515}.Debug|x86.Build.0 = Debug|Win32
		{C1A54BBE-EC04-4BDA-8721-4D1265E27515}.Release|x64.ActiveCfg = Release|x64
		{C1A54BBE-EC04-4BDA-8721-4D1265E27515}.Release|x64.Build.0 = Release|x64
		{C1A54BBE-EC04-4BDA-8721-4D1265E27515}.Release|x86.ActiveCfg = Release|Win32
		{C1A54BBE-EC04-4BDA-8721-4D1265E27515}.Release|x86.Build.0 = Release|Win32
		{E8CD55B3-93BE-4359-8138-E4A4E7010BAF}.Debug|x64.ActiveCfg = Debug
		{E8CD55B3-93BE-4359-8138-E4A4E7010BAF}.Debug|x86.ActiveCfg = Debug
		{E8CD55B3-93BE-4359-8138-E4A4E7010BAF}.Release|x64.ActiveCfg = Release
		{E8CD55B3-93BE-4359-8138-E4A4E7010BAF}.Release|x86.ActiveCfg = Release
	EndGlobalSection
	GlobalSection(SolutionProperties) = preSolution
		HideSolutionNode = FALSE
	EndGlobalSection
	GlobalSection(ExtensibilityGlobals) = postSolution
		SolutionGuid = {4FDFC680-8B25-4B4E-9EB1-C9955101C3B6}
	EndGlobalSection
EndGlobal
